
Microsoft Visual Studio Solution File, Format Version 12.00
Project("{FAE04EC0-301F-11D3-BF4B-00C04F79EFBC}") = "ShiftsTrackerRestApi", "ShiftsTrackerRestApi\ShiftsTrackerRestApi.csproj", "{5CE33A3D-3255-4AA5-8785-0D49C821DBED}"
EndProject
Project("{FAE04EC0-301F-11D3-BF4B-00C04F79EFBC}") = "ShiftsTrackerTests", "ShiftsTrackerTests\ShiftsTrackerTests.csproj", "{6F069134-F2F2-45E3-85C5-BB40608B6B1D}"
EndProject
Global
	GlobalSection(SolutionConfigurationPlatforms) = preSolution
		Debug|Any CPU = Debug|Any CPU
		Release|Any CPU = Release|Any CPU
	EndGlobalSection
	GlobalSection(ProjectConfigurationPlatforms) = postSolution
		{5CE33A3D-3255-4AA5-8785-0D49C821DBED}.Debug|Any CPU.ActiveCfg = Debug|Any CPU
		{5CE33A3D-3255-4AA5-8785-0D49C821DBED}.Debug|Any CPU.Build.0 = Debug|Any CPU
		{5CE33A3D-3255-4AA5-8785-0D49C821DBED}.Release|Any CPU.ActiveCfg = Release|Any CPU
		{5CE33A3D-3255-4AA5-8785-0D49C821DBED}.Release|Any CPU.Build.0 = Release|Any CPU
		{6F069134-F2F2-45E3-85C5-BB40608B6B1D}.Debug|Any CPU.ActiveCfg = Debug|Any CPU
		{6F069134-F2F2-45E3-85C5-BB40608B6B1D}.Debug|Any CPU.Build.0 = Debug|Any CPU
		{6F069134-F2F2-45E3-85C5-BB40608B6B1D}.Release|Any CPU.ActiveCfg = Release|Any CPU
		{6F069134-F2F2-45E3-85C5-BB40608B6B1D}.Release|Any CPU.Build.0 = Release|Any CPU
	EndGlobalSection
EndGlobal
